
Microsoft Visual Studio Solution File, Format Version 12.00
# Visual Studio Version 16
VisualStudioVersion = 16.0.29230.47
MinimumVisualStudioVersion = 10.0.40219.1
Project("{9A19103F-16F7-4668-BE54-9A1E7A4F7556}") = "ConsoleApp_Directory", "ConsoleApp_Directory\ConsoleApp_Directory.csproj", "{40853D49-C928-449F-9B86-C3598B7ABC98}"
EndProject
Project("{FAE04EC0-301F-11D3-BF4B-00C04F79EFBC}") = "ConsoleApp_Features", "ConsoleApp_Features\ConsoleApp_Features.csproj", "{101F2697-D92B-44CE-A251-719E77A01022}"
EndProject
Project("{FAE04EC0-301F-11D3-BF4B-00C04F79EFBC}") = "ConsoleApp_Queries", "ConsoleApp_Queries\ConsoleApp_Queries.csproj", "{5CB16148-3428-4517-9F22-30894FDD2CD6}"
EndProject
Global
	GlobalSection(SolutionConfigurationPlatforms) = preSolution
		Debug|Any CPU = Debug|Any CPU
		Release|Any CPU = Release|Any CPU
	EndGlobalSection
	GlobalSection(ProjectConfigurationPlatforms) = postSolution
		{40853D49-C928-449F-9B86-C3598B7ABC98}.Debug|Any CPU.ActiveCfg = Debug|Any CPU
		{40853D49-C928-449F-9B86-C3598B7ABC98}.Debug|Any CPU.Build.0 = Debug|Any CPU
		{40853D49-C928-449F-9B86-C3598B7ABC98}.Release|Any CPU.ActiveCfg = Release|Any CPU
		{40853D49-C928-449F-9B86-C3598B7ABC98}.Release|Any CPU.Build.0 = Release|Any CPU
		{101F2697-D92B-44CE-A251-719E77A01022}.Debug|Any CPU.ActiveCfg = Debug|Any CPU
		{101F2697-D92B-44CE-A251-719E77A01022}.Debug|Any CPU.Build.0 = Debug|Any CPU
		{101F2697-D92B-44CE-A251-719E77A01022}.Release|Any CPU.ActiveCfg = Release|Any CPU
		{101F2697-D92B-44CE-A251-719E77A01022}.Release|Any CPU.Build.0 = Release|Any CPU
		{5CB16148-3428-4517-9F22-30894FDD2CD6}.Debug|Any CPU.ActiveCfg = Debug|Any CPU
		{5CB16148-3428-4517-9F22-30894FDD2CD6}.Debug|Any CPU.Build.0 = Debug|Any CPU
		{5CB16148-3428-4517-9F22-30894FDD2CD6}.Release|Any CPU.ActiveCfg = Release|Any CPU
		{5CB16148-3428-4517-9F22-30894FDD2CD6}.Release|Any CPU.Build.0 = Release|Any CPU
	EndGlobalSection
	GlobalSection(SolutionProperties) = preSolution
		HideSolutionNode = FALSE
	EndGlobalSection
	GlobalSection(ExtensibilityGlobals) = postSolution
		SolutionGuid = {A7059265-73E8-44AA-B9F4-A3C539E457A5}
	EndGlobalSection
EndGlobal
